// !$*UTF8*$!
{
	archiveVersion = 1;
	classes = {
	};
	objectVersion = 46;
	objects = {

/* Begin PBXBuildFile section */
		02AC06631AF9695900A8A071 /* client.cpp in Sources */ = {isa = PBXBuildFile; fileRef = 02AC06611AF9695900A8A071 /* client.cpp */; };
		02AC06641AF9695900A8A071 /* server.cpp in Sources */ = {isa = PBXBuildFile; fileRef = 02AC06621AF9695900A8A071 /* server.cpp */; };
		02F38D671AFC0FD9006758C6 /* newServerCode.c in Sources */ = {isa = PBXBuildFile; fileRef = 02F38D661AFC0FD9006758C6 /* newServerCode.c */; };
		02F38D691AFC124F006758C6 /* OriginalClient.c in Sources */ = {isa = PBXBuildFile; fileRef = 02F38D681AFC124F006758C6 /* OriginalClient.c */; };
/* End PBXBuildFile section */

/* Begin PBXCopyFilesBuildPhase section */
		02B50C761AF025BC0032349A /* CopyFiles */ = {
			isa = PBXCopyFilesBuildPhase;
			buildActionMask = 2147483647;
			dstPath = /usr/share/man/man1/;
			dstSubfolderSpec = 0;
			files = (
			);
			runOnlyForDeploymentPostprocessing = 1;
		};
/* End PBXCopyFilesBuildPhase section */

/* Begin PBXFileReference section */
		02AC06611AF9695900A8A071 /* client.cpp */ = {isa = PBXFileReference; fileEncoding = 4; lastKnownFileType = sourcecode.cpp.cpp; name = client.cpp; path = ../../Project_3/client.cpp; sourceTree = "<group>"; };
		02AC06621AF9695900A8A071 /* server.cpp */ = {isa = PBXFileReference; fileEncoding = 4; lastKnownFileType = sourcecode.cpp.cpp; name = server.cpp; path = ../../Project_3/server.cpp; sourceTree = "<group>"; };
		02B50C781AF025BC0032349A /* Phuc's Project 3 */ = {isa = PBXFileReference; explicitFileType = "compiled.mach-o.executable"; includeInIndex = 0; path = "Phuc's Project 3"; sourceTree = BUILT_PRODUCTS_DIR; };
		02F38D661AFC0FD9006758C6 /* newServerCode.c */ = {isa = PBXFileReference; fileEncoding = 4; lastKnownFileType = sourcecode.c.c; name = newServerCode.c; path = ../../Project_3/newServerCode.c; sourceTree = "<group>"; };
		02F38D681AFC124F006758C6 /* OriginalClient.c */ = {isa = PBXFileReference; fileEncoding = 4; lastKnownFileType = sourcecode.c.c; name = OriginalClient.c; path = ../../Project_3/OriginalClient.c; sourceTree = "<group>"; };
/* End PBXFileReference section */

/* Begin PBXFrameworksBuildPhase section */
		02B50C751AF025BC0032349A /* Frameworks */ = {
			isa = PBXFrameworksBuildPhase;
			buildActionMask = 2147483647;
			files = (
			);
			runOnlyForDeploymentPostprocessing = 0;
		};
/* End PBXFrameworksBuildPhase section */

/* Begin PBXGroup section */
		02B50C6F1AF025BC0032349A = {
			isa = PBXGroup;
			children = (
				02B50C7A1AF025BC0032349A /* Phuc's Project 3 */,
				02B50C791AF025BC0032349A /* Products */,
			);
			sourceTree = "<group>";
		};
		02B50C791AF025BC0032349A /* Products */ = {
			isa = PBXGroup;
			children = (
				02B50C781AF025BC0032349A /* Phuc's Project 3 */,
			);
			name = Products;
			sourceTree = "<group>";
		};
		02B50C7A1AF025BC0032349A /* Phuc's Project 3 */ = {
			isa = PBXGroup;
			children = (
				02AC06621AF9695900A8A071 /* server.cpp */,
				02AC06611AF9695900A8A071 /* client.cpp */,
				02F38D661AFC0FD9006758C6 /* newServerCode.c */,
				02F38D681AFC124F006758C6 /* OriginalClient.c */,
			);
			path = "Phuc's Project 3";
			sourceTree = "<group>";
		};
/* End PBXGroup section */

/* Begin PBXNativeTarget section */
		02B50C771AF025BC0032349A /* Phuc's Project 3 */ = {
			isa = PBXNativeTarget;
			buildConfigurationList = 02B50C7F1AF025BC0032349A /* Build configuration list for PBXNativeTarget "Phuc's Project 3" */;
			buildPhases = (
				02B50C741AF025BC0032349A /* Sources */,
				02B50C751AF025BC0032349A /* Frameworks */,
				02B50C761AF025BC0032349A /* CopyFiles */,
			);
			buildRules = (
			);
			dependencies = (
			);
			name = "Phuc's Project 3";
			productName = "Phuc's Project 3";
			productReference = 02B50C781AF025BC0032349A /* Phuc's Project 3 */;
			productType = "com.apple.product-type.tool";
		};
/* End PBXNativeTarget section */

/* Begin PBXProject section */
		02B50C701AF025BC0032349A /* Project object */ = {
			isa = PBXProject;
			attributes = {
				LastUpgradeCheck = 0630;
				ORGANIZATIONNAME = "Phuc Nguyen";
				TargetAttributes = {
					02B50C771AF025BC0032349A = {
						CreatedOnToolsVersion = 6.3.1;
					};
				};
			};
			buildConfigurationList = 02B50C731AF025BC0032349A /* Build configuration list for PBXProject "Phuc's Project 3" */;
			compatibilityVersion = "Xcode 3.2";
			developmentRegion = English;
			hasScannedForEncodings = 0;
			knownRegions = (
				en,
			);
			mainGroup = 02B50C6F1AF025BC0032349A;
			productRefGroup = 02B50C791AF025BC0032349A /* Products */;
			projectDirPath = "";
			projectRoot = "";
			targets = (
				02B50C771AF025BC0032349A /* Phuc's Project 3 */,
			);
		};
/* End PBXProject section */

/* Begin PBXSourcesBuildPhase section */
		02B50C741AF025BC0032349A /* Sources */ = {
			isa = PBXSourcesBuildPhase;
			buildActionMask = 2147483647;
			files = (
				02AC06641AF9695900A8A071 /* server.cpp in Sources */,
				02F38D691AFC124F006758C6 /* OriginalClient.c in Sources */,
				02F38D671AFC0FD9006758C6 /* newServerCode.c in Sources */,
				02AC06631AF9695900A8A071 /* client.cpp in Sources */,
			);
			runOnlyForDeploymentPostprocessing = 0;
		};
/* End PBXSourcesBuildPhase section */

/* Begin XCBuildConfiguration section */
		02B50C7D1AF025BC0032349A /* Debug */ = {
			isa = XCBuildConfiguration;
			buildSettings = {
				ALWAYS_SEARCH_USER_PATHS = NO;
				CLANG_CXX_LANGUAGE_STANDARD = "gnu++0x";
				CLANG_CXX_LIBRARY = "libc++";
				CLANG_ENABLE_MODULES = YES;
				CLANG_ENABLE_OBJC_ARC = YES;
				CLANG_WARN_BOOL_CONVERSION = YES;
				CLANG_WARN_CONSTANT_CONVERSION = YES;
				CLANG_WARN_DIRECT_OBJC_ISA_USAGE = YES_ERROR;
				CLANG_WARN_EMPTY_BODY = YES;
				CLANG_WARN_ENUM_CONVERSION = YES;
				CLANG_WARN_INT_CONVERSION = YES;
				CLANG_WARN_OBJC_ROOT_CLASS = YES_ERROR;
				CLANG_WARN_UNREACHABLE_CODE = YES;
				CLANG_WARN__DUPLICATE_METHOD_MATCH = YES;
				COPY_PHASE_STRIP = NO;
				DEBUG_INFORMATION_FORMAT = dwarf;
				ENABLE_STRICT_OBJC_MSGSEND = YES;
				GCC_C_LANGUAGE_STANDARD = gnu99;
				GCC_DYNAMIC_NO_PIC = NO;
				GCC_NO_COMMON_BLOCKS = YES;
				GCC_OPTIMIZATION_LEVEL = 0;
				GCC_PREPROCESSOR_DEFINITIONS = (
					"DEBUG=1",
					"$(inherited)",
				);
				GCC_SYMBOLS_PRIVATE_EXTERN = NO;
				GCC_WARN_64_TO_32_BIT_CONVERSION = YES;
				GCC_WARN_ABOUT_RETURN_TYPE = YES_ERROR;
				GCC_WARN_UNDECLARED_SELECTOR = YES;
				GCC_WARN_UNINITIALIZED_AUTOS = YES_AGGRESSIVE;
				GCC_WARN_UNUSED_FUNCTION = YES;
				GCC_WARN_UNUSED_VARIABLE = YES;
				MACOSX_DEPLOYMENT_TARGET = 10.10;
				MTL_ENABLE_DEBUG_INFO = YES;
				ONLY_ACTIVE_ARCH = YES;
				SDKROOT = macosx;
			};
			name = Debug;
		};
		02B50C7E1AF025BC0032349A /* Release */ = {
			isa = XCBuildConfiguration;
			buildSettings = {
				ALWAYS_SEARCH_USER_PATHS = NO;
				CLANG_CXX_LANGUAGE_STANDARD = "gnu++0x";
				CLANG_CXX_LIBRARY = "libc++";
				CLANG_ENABLE_MODULES = YES;
				CLANG_ENABLE_OBJC_ARC = YES;
				CLANG_WARN_BOOL_CONVERSION = YES;
				CLANG_WARN_CONSTANT_CONVERSION = YES;
				CLANG_WARN_DIRECT_OBJC_ISA_USAGE = YES_ERROR;
				CLANG_WARN_EMPTY_BODY = YES;
				CLANG_WARN_ENUM_CONVERSION = YES;
				CLANG_WARN_INT_CONVERSION = YES;
				CLANG_WARN_OBJC_ROOT_CLASS = YES_ERROR;
				CLANG_WARN_UNREACHABLE_CODE = YES;
				CLANG_WARN__DUPLICATE_METHOD_MATCH = YES;
				COPY_PHASE_STRIP = NO;
				DEBUG_INFORMATION_FORMAT = "dwarf-with-dsym";
				ENABLE_NS_ASSERTIONS = NO;
				ENABLE_STRICT_OBJC_MSGSEND = YES;
				GCC_C_LANGUAGE_STANDARD = gnu99;
				GCC_NO_COMMON_BLOCKS = YES;
				GCC_WARN_64_TO_32_BIT_CONVERSION = YES;
				GCC_WARN_ABOUT_RETURN_TYPE = YES_ERROR;
				GCC_WARN_UNDECLARED_SELECTOR = YES;
				GCC_WARN_UNINITIALIZED_AUTOS = YES_AGGRESSIVE;
				GCC_WARN_UNUSED_FUNCTION = YES;
				GCC_WARN_UNUSED_VARIABLE = YES;
				MACOSX_DEPLOYMENT_TARGET = 10.10;
				MTL_ENABLE_DEBUG_INFO = NO;
				SDKROOT = macosx;
			};
			name = Release;
		};
		02B50C801AF025BC0032349A /* Debug */ = {
			isa = XCBuildConfiguration;
			buildSettings = {
				PRODUCT_NAME = "$(TARGET_NAME)";
			};
			name = Debug;
		};
		02B50C811AF025BC0032349A /* Release */ = {
			isa = XCBuildConfiguration;
			buildSettings = {
				PRODUCT_NAME = "$(TARGET_NAME)";
			};
			name = Release;
		};
/* End XCBuildConfiguration section */

/* Begin XCConfigurationList section */
		02B50C731AF025BC0032349A /* Build configuration list for PBXProject "Phuc's Project 3" */ = {
			isa = XCConfigurationList;
			buildConfigurations = (
				02B50C7D1AF025BC0032349A /* Debug */,
				02B50C7E1AF025BC0032349A /* Release */,
			);
			defaultConfigurationIsVisible = 0;
			defaultConfigurationName = Release;
		};
		02B50C7F1AF025BC0032349A /* Build configuration list for PBXNativeTarget "Phuc's Project 3" */ = {
			isa = XCConfigurationList;
			buildConfigurations = (
				02B50C801AF025BC0032349A /* Debug */,
				02B50C811AF025BC0032349A /* Release */,
			);
			defaultConfigurationIsVisible = 0;
			defaultConfigurationName = Release;
		};
/* End XCConfigurationList section */
	};
	rootObject = 02B50C701AF025BC0032349A /* Project object */;
}
